
Microsoft Visual Studio Solution File, Format Version 12.00
# Visual Studio 2012
Project("{FAE04EC0-301F-11D3-BF4B-00C04F79EFBC}") = "PudderVarsel", "PudderVarsel\PudderVarsel.csproj", "{3A36873D-F98A-47F4-A926-67C726A53A2B}"
EndProject
Project("{FAE04EC0-301F-11D3-BF4B-00C04F79EFBC}") = "PudderVarsel.Data", "PudderVarsel.Data\PudderVarsel.Data.csproj", "{E062C283-18BD-4AC1-B2C9-ED236D6BB861}"
EndProject
Project("{FAE04EC0-301F-11D3-BF4B-00C04F79EFBC}") = "PudderVarsel.Web", "PudderVarsel.Web2\PudderVarsel.Web.csproj", "{477BE0D0-5717-48F1-B22E-07F0665A1A89}"
EndProject
Global
	GlobalSection(SolutionConfigurationPlatforms) = preSolution
		Debug|Any CPU = Debug|Any CPU
		Debug|ARM = Debug|ARM
		Debug|Mixed Platforms = Debug|Mixed Platforms
		Debug|x64 = Debug|x64
		Debug|x86 = Debug|x86
		Release|Any CPU = Release|Any CPU
		Release|ARM = Release|ARM
		Release|Mixed Platforms = Release|Mixed Platforms
		Release|x64 = Release|x64
		Release|x86 = Release|x86
	EndGlobalSection
	GlobalSection(ProjectConfigurationPlatforms) = postSolution
		{3A36873D-F98A-47F4-A926-67C726A53A2B}.Debug|Any CPU.ActiveCfg = Debug|Any CPU
		{3A36873D-F98A-47F4-A926-67C726A53A2B}.Debug|Any CPU.Build.0 = Debug|Any CPU
		{3A36873D-F98A-47F4-A926-67C726A53A2B}.Debug|Any CPU.Deploy.0 = Debug|Any CPU
		{3A36873D-F98A-47F4-A926-67C726A53A2B}.Debug|ARM.ActiveCfg = Debug|ARM
		{3A36873D-F98A-47F4-A926-67C726A53A2B}.Debug|ARM.Build.0 = Debug|ARM
		{3A36873D-F98A-47F4-A926-67C726A53A2B}.Debug|ARM.Deploy.0 = Debug|ARM
		{3A36873D-F98A-47F4-A926-67C726A53A2B}.Debug|Mixed Platforms.ActiveCfg = Debug|x86
		{3A36873D-F98A-47F4-A926-67C726A53A2B}.Debug|Mixed Platforms.Build.0 = Debug|x86
		{3A36873D-F98A-47F4-A926-67C726A53A2B}.Debug|Mixed Platforms.Deploy.0 = Debug|x86
		{3A36873D-F98A-47F4-A926-67C726A53A2B}.Debug|x64.ActiveCfg = Debug|x64
		{3A36873D-F98A-47F4-A926-67C726A53A2B}.Debug|x64.Build.0 = Debug|x64
		{3A36873D-F98A-47F4-A926-67C726A53A2B}.Debug|x64.Deploy.0 = Debug|x64
		{3A36873D-F98A-47F4-A926-67C726A53A2B}.Debug|x86.ActiveCfg = Debug|x86
		{3A36873D-F98A-47F4-A926-67C726A53A2B}.Debug|x86.Build.0 = Debug|x86
		{3A36873D-F98A-47F4-A926-67C726A53A2B}.Debug|x86.Deploy.0 = Debug|x86
		{3A36873D-F98A-47F4-A926-67C726A53A2B}.Release|Any CPU.ActiveCfg = Release|Any CPU
		{3A36873D-F98A-47F4-A926-67C726A53A2B}.Release|Any CPU.Build.0 = Release|Any CPU
		{3A36873D-F98A-47F4-A926-67C726A53A2B}.Release|Any CPU.Deploy.0 = Release|Any CPU
		{3A36873D-F98A-47F4-A926-67C726A53A2B}.Release|ARM.ActiveCfg = Release|ARM
		{3A36873D-F98A-47F4-A926-67C726A53A2B}.Release|ARM.Build.0 = Release|ARM
		{3A36873D-F98A-47F4-A926-67C726A53A2B}.Release|ARM.Deploy.0 = Release|ARM
		{3A36873D-F98A-47F4-A926-67C726A53A2B}.Release|Mixed Platforms.ActiveCfg = Release|x86
		{3A36873D-F98A-47F4-A926-67C726A53A2B}.Release|Mixed Platforms.Build.0 = Release|x86
		{3A36873D-F98A-47F4-A926-67C726A53A2B}.Release|Mixed Platforms.Deploy.0 = Release|x86
		{3A36873D-F98A-47F4-A926-67C726A53A2B}.Release|x64.ActiveCfg = Release|x64
		{3A36873D-F98A-47F4-A926-67C726A53A2B}.Release|x64.Build.0 = Release|x64
		{3A36873D-F98A-47F4-A926-67C726A53A2B}.Release|x64.Deploy.0 = Release|x64
		{3A36873D-F98A-47F4-A926-67C726A53A2B}.Release|x86.ActiveCfg = Release|x86
		{3A36873D-F98A-47F4-A926-67C726A53A2B}.Release|x86.Build.0 = Release|x86
		{3A36873D-F98A-47F4-A926-67C726A53A2B}.Release|x86.Deploy.0 = Release|x86
		{E062C283-18BD-4AC1-B2C9-ED236D6BB861}.Debug|Any CPU.ActiveCfg = Debug|Any CPU
		{E062C283-18BD-4AC1-B2C9-ED236D6BB861}.Debug|Any CPU.Build.0 = Debug|Any CPU
		{E062C283-18BD-4AC1-B2C9-ED236D6BB861}.Debug|ARM.ActiveCfg = Debug|Any CPU
		{E062C283-18BD-4AC1-B2C9-ED236D6BB861}.Debug|Mixed Platforms.ActiveCfg = Debug|Any CPU
		{E062C283-18BD-4AC1-B2C9-ED236D6BB861}.Debug|Mixed Platforms.Build.0 = Debug|Any CPU
		{E062C283-18BD-4AC1-B2C9-ED236D6BB861}.Debug|x64.ActiveCfg = Debug|Any CPU
		{E062C283-18BD-4AC1-B2C9-ED236D6BB861}.Debug|x86.ActiveCfg = Debug|Any CPU
		{E062C283-18BD-4AC1-B2C9-ED236D6BB861}.Release|Any CPU.ActiveCfg = Release|Any CPU
		{E062C283-18BD-4AC1-B2C9-ED236D6BB861}.Release|Any CPU.Build.0 = Release|Any CPU
		{E062C283-18BD-4AC1-B2C9-ED236D6BB861}.Release|ARM.ActiveCfg = Release|Any CPU
		{E062C283-18BD-4AC1-B2C9-ED236D6BB861}.Release|Mixed Platforms.ActiveCfg = Release|Any CPU
		{E062C283-18BD-4AC1-B2C9-ED236D6BB861}.Release|Mixed Platforms.Build.0 = Release|Any CPU
		{E062C283-18BD-4AC1-B2C9-ED236D6BB861}.Release|x64.ActiveCfg = Release|Any CPU
		{E062C283-18BD-4AC1-B2C9-ED236D6BB861}.Release|x86.ActiveCfg = Release|Any CPU
		{477BE0D0-5717-48F1-B22E-07F0665A1A89}.Debug|Any CPU.ActiveCfg = Debug|Any CPU
		{477BE0D0-5717-48F1-B22E-07F0665A1A89}.Debug|Any CPU.Build.0 = Debug|Any CPU
		{477BE0D0-5717-48F1-B22E-07F0665A1A89}.Debug|ARM.ActiveCfg = Debug|Any CPU
		{477BE0D0-5717-48F1-B22E-07F0665A1A89}.Debug|Mixed Platforms.ActiveCfg = Debug|Any CPU
		{477BE0D0-5717-48F1-B22E-07F0665A1A89}.Debug|Mixed Platforms.Build.0 = Debug|Any CPU
		{477BE0D0-5717-48F1-B22E-07F0665A1A89}.Debug|x64.ActiveCfg = Debug|Any CPU
		{477BE0D0-5717-48F1-B22E-07F0665A1A89}.Debug|x86.ActiveCfg = Debug|Any CPU
		{477BE0D0-5717-48F1-B22E-07F0665A1A89}.Release|Any CPU.ActiveCfg = Release|Any CPU
		{477BE0D0-5717-48F1-B22E-07F0665A1A89}.Release|Any CPU.Build.0 = Release|Any CPU
		{477BE0D0-5717-48F1-B22E-07F0665A1A89}.Release|ARM.ActiveCfg = Release|Any CPU
		{477BE0D0-5717-48F1-B22E-07F0665A1A89}.Release|Mixed Platforms.ActiveCfg = Release|Any CPU
		{477BE0D0-5717-48F1-B22E-07F0665A1A89}.Release|Mixed Platforms.Build.0 = Release|Any CPU
		{477BE0D0-5717-48F1-B22E-07F0665A1A89}.Release|x64.ActiveCfg = Release|Any CPU
		{477BE0D0-5717-48F1-B22E-07F0665A1A89}.Release|x86.ActiveCfg = Release|Any CPU
	EndGlobalSection
	GlobalSection(SolutionProperties) = preSolution
		HideSolutionNode = FALSE
	EndGlobalSection
EndGlobal
